
Microsoft Visual Studio Solution File, Format Version 12.00
# Visual Studio 15
VisualStudioVersion = 15.0.26124.0
MinimumVisualStudioVersion = 15.0.26124.0
Project("{F2A71F9B-5D33-465A-A702-920D77279786}") = "Core", "Core\Core.fsproj", "{B239A8B8-E427-4BB0-B90B-BD5E96612696}"
EndProject
Project("{F2A71F9B-5D33-465A-A702-920D77279786}") = "Tests", "Tests\Tests.fsproj", "{978F7767-58BD-4652-9C61-7C4065F1AA2A}"
EndProject
Project("{F2A71F9B-5D33-465A-A702-920D77279786}") = "Console", "Console\Console.fsproj", "{3D931026-5040-4B2A-AD05-FCD0944D8D41}"
EndProject
Global
	GlobalSection(SolutionConfigurationPlatforms) = preSolution
		Debug|Any CPU = Debug|Any CPU
		Debug|x64 = Debug|x64
		Debug|x86 = Debug|x86
		Release|Any CPU = Release|Any CPU
		Release|x64 = Release|x64
		Release|x86 = Release|x86
	EndGlobalSection
	GlobalSection(SolutionProperties) = preSolution
		HideSolutionNode = FALSE
	EndGlobalSection
	GlobalSection(ProjectConfigurationPlatforms) = postSolution
		{B239A8B8-E427-4BB0-B90B-BD5E96612696}.Debug|Any CPU.ActiveCfg = Debug|Any CPU
		{B239A8B8-E427-4BB0-B90B-BD5E96612696}.Debug|Any CPU.Build.0 = Debug|Any CPU
		{B239A8B8-E427-4BB0-B90B-BD5E96612696}.Debug|x64.ActiveCfg = Debug|Any CPU
		{B239A8B8-E427-4BB0-B90B-BD5E96612696}.Debug|x64.Build.0 = Debug|Any CPU
		{B239A8B8-E427-4BB0-B90B-BD5E96612696}.Debug|x86.ActiveCfg = Debug|Any CPU
		{B239A8B8-E427-4BB0-B90B-BD5E96612696}.Debug|x86.Build.0 = Debug|Any CPU
		{B239A8B8-E427-4BB0-B90B-BD5E96612696}.Release|Any CPU.ActiveCfg = Release|Any CPU
		{B239A8B8-E427-4BB0-B90B-BD5E96612696}.Release|Any CPU.Build.0 = Release|Any CPU
		{B239A8B8-E427-4BB0-B90B-BD5E96612696}.Release|x64.ActiveCfg = Release|Any CPU
		{B239A8B8-E427-4BB0-B90B-BD5E96612696}.Release|x64.Build.0 = Release|Any CPU
		{B239A8B8-E427-4BB0-B90B-BD5E96612696}.Release|x86.ActiveCfg = Release|Any CPU
		{B239A8B8-E427-4BB0-B90B-BD5E96612696}.Release|x86.Build.0 = Release|Any CPU
		{978F7767-58BD-4652-9C61-7C4065F1AA2A}.Debug|Any CPU.ActiveCfg = Debug|Any CPU
		{978F7767-58BD-4652-9C61-7C4065F1AA2A}.Debug|Any CPU.Build.0 = Debug|Any CPU
		{978F7767-58BD-4652-9C61-7C4065F1AA2A}.Debug|x64.ActiveCfg = Debug|Any CPU
		{978F7767-58BD-4652-9C61-7C4065F1AA2A}.Debug|x64.Build.0 = Debug|Any CPU
		{978F7767-58BD-4652-9C61-7C4065F1AA2A}.Debug|x86.ActiveCfg = Debug|Any CPU
		{978F7767-58BD-4652-9C61-7C4065F1AA2A}.Debug|x86.Build.0 = Debug|Any CPU
		{978F7767-58BD-4652-9C61-7C4065F1AA2A}.Release|Any CPU.ActiveCfg = Release|Any CPU
		{978F7767-58BD-4652-9C61-7C4065F1AA2A}.Release|Any CPU.Build.0 = Release|Any CPU
		{978F7767-58BD-4652-9C61-7C4065F1AA2A}.Release|x64.ActiveCfg = Release|Any CPU
		{978F7767-58BD-4652-9C61-7C4065F1AA2A}.Release|x64.Build.0 = Release|Any CPU
		{978F7767-58BD-4652-9C61-7C4065F1AA2A}.Release|x86.ActiveCfg = Release|Any CPU
		{978F7767-58BD-4652-9C61-7C4065F1AA2A}.Release|x86.Build.0 = Release|Any CPU
		{3D931026-5040-4B2A-AD05-FCD0944D8D41}.Debug|Any CPU.ActiveCfg = Debug|Any CPU
		{3D931026-5040-4B2A-AD05-FCD0944D8D41}.Debug|Any CPU.Build.0 = Debug|Any CPU
		{3D931026-5040-4B2A-AD05-FCD0944D8D41}.Debug|x64.ActiveCfg = Debug|Any CPU
		{3D931026-5040-4B2A-AD05-FCD0944D8D41}.Debug|x64.Build.0 = Debug|Any CPU
		{3D931026-5040-4B2A-AD05-FCD0944D8D41}.Debug|x86.ActiveCfg = Debug|Any CPU
		{3D931026-5040-4B2A-AD05-FCD0944D8D41}.Debug|x86.Build.0 = Debug|Any CPU
		{3D931026-5040-4B2A-AD05-FCD0944D8D41}.Release|Any CPU.ActiveCfg = Release|Any CPU
		{3D931026-5040-4B2A-AD05-FCD0944D8D41}.Release|Any CPU.Build.0 = Release|Any CPU
		{3D931026-5040-4B2A-AD05-FCD0944D8D41}.Release|x64.ActiveCfg = Release|Any CPU
		{3D931026-5040-4B2A-AD05-FCD0944D8D41}.Release|x64.Build.0 = Release|Any CPU
		{3D931026-5040-4B2A-AD05-FCD0944D8D41}.Release|x86.ActiveCfg = Release|Any CPU
		{3D931026-5040-4B2A-AD05-FCD0944D8D41}.Release|x86.Build.0 = Release|Any CPU
	EndGlobalSection
EndGlobal
